// !$*UTF8*$!
{
	archiveVersion = 1;
	classes = {
	};
	objectVersion = 55;
	objects = {

/* Begin PBXBuildFile section */
		D82823212895F30F006B1E7C /* Player.swift in Sources */ = {isa = PBXBuildFile; fileRef = D82823202895F30F006B1E7C /* Player.swift */; };
		D82823282895F5ED006B1E7C /* video1.mp4 in Resources */ = {isa = PBXBuildFile; fileRef = D82823262895F5CD006B1E7C /* video1.mp4 */; };
		D82823292895F5ED006B1E7C /* video2.mp4 in Resources */ = {isa = PBXBuildFile; fileRef = D82823252895F5CD006B1E7C /* video2.mp4 */; };
		D828232A2895F5ED006B1E7C /* video3.mp4 in Resources */ = {isa = PBXBuildFile; fileRef = D82823232895F5CD006B1E7C /* video3.mp4 */; };
		D828232B2895F5ED006B1E7C /* video4.mp4 in Resources */ = {isa = PBXBuildFile; fileRef = D82823222895F5CD006B1E7C /* video4.mp4 */; };
		D828232C2895F5ED006B1E7C /* video5.mp4 in Resources */ = {isa = PBXBuildFile; fileRef = D82823272895F5CE006B1E7C /* video5.mp4 */; };
		D828232D2895F5ED006B1E7C /* video6.mp4 in Resources */ = {isa = PBXBuildFile; fileRef = D82823242895F5CD006B1E7C /* video6.mp4 */; };
		D828232F2895F65B006B1E7C /* PlayerScrollView.swift in Sources */ = {isa = PBXBuildFile; fileRef = D828232E2895F65B006B1E7C /* PlayerScrollView.swift */; };
		D8671C712894847100645759 /* TikTokCloneApp.swift in Sources */ = {isa = PBXBuildFile; fileRef = D8671C702894847100645759 /* TikTokCloneApp.swift */; };
		D8671C732894847100645759 /* ContentView.swift in Sources */ = {isa = PBXBuildFile; fileRef = D8671C722894847100645759 /* ContentView.swift */; };
		D8671C752894847100645759 /* Assets.xcassets in Resources */ = {isa = PBXBuildFile; fileRef = D8671C742894847100645759 /* Assets.xcassets */; };
		D8671C782894847100645759 /* Preview Assets.xcassets in Resources */ = {isa = PBXBuildFile; fileRef = D8671C772894847100645759 /* Preview Assets.xcassets */; };
		D8671C912894949600645759 /* Home.swift in Sources */ = {isa = PBXBuildFile; fileRef = D8671C902894949600645759 /* Home.swift */; };
		D8671C93289494E500645759 /* Video.swift in Sources */ = {isa = PBXBuildFile; fileRef = D8671C92289494E500645759 /* Video.swift */; };
/* End PBXBuildFile section */

/* Begin PBXFileReference section */
		D82823202895F30F006B1E7C /* Player.swift */ = {isa = PBXFileReference; lastKnownFileType = sourcecode.swift; path = Player.swift; sourceTree = "<group>"; };
		D82823222895F5CD006B1E7C /* video4.mp4 */ = {isa = PBXFileReference; lastKnownFileType = file; path = video4.mp4; sourceTree = "<group>"; };
		D82823232895F5CD006B1E7C /* video3.mp4 */ = {isa = PBXFileReference; lastKnownFileType = file; path = video3.mp4; sourceTree = "<group>"; };
		D82823242895F5CD006B1E7C /* video6.mp4 */ = {isa = PBXFileReference; lastKnownFileType = file; path = video6.mp4; sourceTree = "<group>"; };
		D82823252895F5CD006B1E7C /* video2.mp4 */ = {isa = PBXFileReference; lastKnownFileType = file; path = video2.mp4; sourceTree = "<group>"; };
		D82823262895F5CD006B1E7C /* video1.mp4 */ = {isa = PBXFileReference; lastKnownFileType = file; path = video1.mp4; sourceTree = "<group>"; };
		D82823272895F5CE006B1E7C /* video5.mp4 */ = {isa = PBXFileReference; lastKnownFileType = file; path = video5.mp4; sourceTree = "<group>"; };
		D828232E2895F65B006B1E7C /* PlayerScrollView.swift */ = {isa = PBXFileReference; lastKnownFileType = sourcecode.swift; path = PlayerScrollView.swift; sourceTree = "<group>"; };
		D8671C6D2894847100645759 /* TikTokClone.app */ = {isa = PBXFileReference; explicitFileType = wrapper.application; includeInIndex = 0; path = TikTokClone.app; sourceTree = BUILT_PRODUCTS_DIR; };
		D8671C702894847100645759 /* TikTokCloneApp.swift */ = {isa = PBXFileReference; lastKnownFileType = sourcecode.swift; path = TikTokCloneApp.swift; sourceTree = "<group>"; };
		D8671C722894847100645759 /* ContentView.swift */ = {isa = PBXFileReference; lastKnownFileType = sourcecode.swift; path = ContentView.swift; sourceTree = "<group>"; };
		D8671C742894847100645759 /* Assets.xcassets */ = {isa = PBXFileReference; lastKnownFileType = folder.assetcatalog; path = Assets.xcassets; sourceTree = "<group>"; };
		D8671C772894847100645759 /* Preview Assets.xcassets */ = {isa = PBXFileReference; lastKnownFileType = folder.assetcatalog; path = "Preview Assets.xcassets"; sourceTree = "<group>"; };
		D8671C902894949600645759 /* Home.swift */ = {isa = PBXFileReference; lastKnownFileType = sourcecode.swift; path = Home.swift; sourceTree = "<group>"; };
		D8671C92289494E500645759 /* Video.swift */ = {isa = PBXFileReference; lastKnownFileType = sourcecode.swift; path = Video.swift; sourceTree = "<group>"; };
/* End PBXFileReference section */

/* Begin PBXFrameworksBuildPhase section */
		D8671C6A2894847100645759 /* Frameworks */ = {
			isa = PBXFrameworksBuildPhase;
			buildActionMask = 2147483647;
			files = (
			);
			runOnlyForDeploymentPostprocessing = 0;
		};
/* End PBXFrameworksBuildPhase section */

/* Begin PBXGroup section */
		D8671C642894847100645759 = {
			isa = PBXGroup;
			children = (
				D82823262895F5CD006B1E7C /* video1.mp4 */,
				D82823252895F5CD006B1E7C /* video2.mp4 */,
				D82823232895F5CD006B1E7C /* video3.mp4 */,
				D82823222895F5CD006B1E7C /* video4.mp4 */,
				D82823272895F5CE006B1E7C /* video5.mp4 */,
				D82823242895F5CD006B1E7C /* video6.mp4 */,
				D8671C6F2894847100645759 /* TikTokClone */,
				D8671C6E2894847100645759 /* Products */,
			);
			sourceTree = "<group>";
		};
		D8671C6E2894847100645759 /* Products */ = {
			isa = PBXGroup;
			children = (
				D8671C6D2894847100645759 /* TikTokClone.app */,
			);
			name = Products;
			sourceTree = "<group>";
		};
		D8671C6F2894847100645759 /* TikTokClone */ = {
			isa = PBXGroup;
			children = (
				D8671C8F289493FB00645759 /* Model */,
				D8671C8D289493F000645759 /* View */,
				D8671C702894847100645759 /* TikTokCloneApp.swift */,
				D8671C742894847100645759 /* Assets.xcassets */,
				D8671C762894847100645759 /* Preview Content */,
			);
			path = TikTokClone;
			sourceTree = "<group>";
		};
		D8671C762894847100645759 /* Preview Content */ = {
			isa = PBXGroup;
			children = (
				D8671C772894847100645759 /* Preview Assets.xcassets */,
			);
			path = "Preview Content";
			sourceTree = "<group>";
		};
		D8671C8D289493F000645759 /* View */ = {
			isa = PBXGroup;
			children = (
				D8671C722894847100645759 /* ContentView.swift */,
				D8671C902894949600645759 /* Home.swift */,
				D82823202895F30F006B1E7C /* Player.swift */,
				D828232E2895F65B006B1E7C /* PlayerScrollView.swift */,
			);
			path = View;
			sourceTree = "<group>";
		};
		D8671C8F289493FB00645759 /* Model */ = {
			isa = PBXGroup;
			children = (
				D8671C92289494E500645759 /* Video.swift */,
			);
			path = Model;
			sourceTree = "<group>";
		};
/* End PBXGroup section */

/* Begin PBXNativeTarget section */
		D8671C6C2894847100645759 /* TikTokClone */ = {
			isa = PBXNativeTarget;
			buildConfigurationList = D8671C7B2894847100645759 /* Build configuration list for PBXNativeTarget "TikTokClone" */;
			buildPhases = (
				D8671C692894847100645759 /* Sources */,
				D8671C6A2894847100645759 /* Frameworks */,
				D8671C6B2894847100645759 /* Resources */,
			);
			buildRules = (
			);
			dependencies = (
			);
			name = TikTokClone;
			productName = TikTokClone;
			productReference = D8671C6D2894847100645759 /* TikTokClone.app */;
			productType = "com.apple.product-type.application";
		};
/* End PBXNativeTarget section */

/* Begin PBXProject section */
		D8671C652894847100645759 /* Project object */ = {
			isa = PBXProject;
			attributes = {
				BuildIndependentTargetsInParallel = 1;
				LastSwiftUpdateCheck = 1340;
				LastUpgradeCheck = 1340;
				TargetAttributes = {
					D8671C6C2894847100645759 = {
						CreatedOnToolsVersion = 13.4.1;
					};
				};
			};
			buildConfigurationList = D8671C682894847100645759 /* Build configuration list for PBXProject "TikTokClone" */;
			compatibilityVersion = "Xcode 13.0";
			developmentRegion = en;
			hasScannedForEncodings = 0;
			knownRegions = (
				en,
				Base,
			);
			mainGroup = D8671C642894847100645759;
			productRefGroup = D8671C6E2894847100645759 /* Products */;
			projectDirPath = "";
			projectRoot = "";
			targets = (
				D8671C6C2894847100645759 /* TikTokClone */,
			);
		};
/* End PBXProject section */

/* Begin PBXResourcesBuildPhase section */
		D8671C6B2894847100645759 /* Resources */ = {
			isa = PBXResourcesBuildPhase;
			buildActionMask = 2147483647;
			files = (
				D82823282895F5ED006B1E7C /* video1.mp4 in Resources */,
				D82823292895F5ED006B1E7C /* video2.mp4 in Resources */,
				D828232A2895F5ED006B1E7C /* video3.mp4 in Resources */,
				D828232B2895F5ED006B1E7C /* video4.mp4 in Resources */,
				D828232C2895F5ED006B1E7C /* video5.mp4 in Resources */,
				D828232D2895F5ED006B1E7C /* video6.mp4 in Resources */,
				D8671C782894847100645759 /* Preview Assets.xcassets in Resources */,
				D8671C752894847100645759 /* Assets.xcassets in Resources */,
			);
			runOnlyForDeploymentPostprocessing = 0;
		};
/* End PBXResourcesBuildPhase section */

/* Begin PBXSourcesBuildPhase section */
		D8671C692894847100645759 /* Sources */ = {
			isa = PBXSourcesBuildPhase;
			buildActionMask = 2147483647;
			files = (
				D828232F2895F65B006B1E7C /* PlayerScrollView.swift in Sources */,
				D8671C732894847100645759 /* ContentView.swift in Sources */,
				D8671C93289494E500645759 /* Video.swift in Sources */,
				D8671C912894949600645759 /* Home.swift in Sources */,
				D82823212895F30F006B1E7C /* Player.swift in Sources */,
				D8671C712894847100645759 /* TikTokCloneApp.swift in Sources */,
			);
			runOnlyForDeploymentPostprocessing = 0;
		};
/* End PBXSourcesBuildPhase section */

/* Begin XCBuildConfiguration section */
		D8671C792894847100645759 /* Debug */ = {
			isa = XCBuildConfiguration;
			buildSettings = {
				ALWAYS_SEARCH_USER_PATHS = NO;
				CLANG_ANALYZER_NONNULL = YES;
				CLANG_ANALYZER_NUMBER_OBJECT_CONVERSION = YES_AGGRESSIVE;
				CLANG_CXX_LANGUAGE_STANDARD = "gnu++17";
				CLANG_ENABLE_MODULES = YES;
				CLANG_ENABLE_OBJC_ARC = YES;
				CLANG_ENABLE_OBJC_WEAK = YES;
				CLANG_WARN_BLOCK_CAPTURE_AUTORELEASING = YES;
				CLANG_WARN_BOOL_CONVERSION = YES;
				CLANG_WARN_COMMA = YES;
				CLANG_WARN_CONSTANT_CONVERSION = YES;
				CLANG_WARN_DEPRECATED_OBJC_IMPLEMENTATIONS = YES;
				CLANG_WARN_DIRECT_OBJC_ISA_USAGE = YES_ERROR;
				CLANG_WARN_DOCUMENTATION_COMMENTS = YES;
				CLANG_WARN_EMPTY_BODY = YES;
				CLANG_WARN_ENUM_CONVERSION = YES;
				CLANG_WARN_INFINITE_RECURSION = YES;
				CLANG_WARN_INT_CONVERSION = YES;
				CLANG_WARN_NON_LITERAL_NULL_CONVERSION = YES;
				CLANG_WARN_OBJC_IMPLICIT_RETAIN_SELF = YES;
				CLANG_WARN_OBJC_LITERAL_CONVERSION = YES;
				CLANG_WARN_OBJC_ROOT_CLASS = YES_ERROR;
				CLANG_WARN_QUOTED_INCLUDE_IN_FRAMEWORK_HEADER = YES;
				CLANG_WARN_RANGE_LOOP_ANALYSIS = YES;
				CLANG_WARN_STRICT_PROTOTYPES = YES;
				CLANG_WARN_SUSPICIOUS_MOVE = YES;
				CLANG_WARN_UNGUARDED_AVAILABILITY = YES_AGGRESSIVE;
				CLANG_WARN_UNREACHABLE_CODE = YES;
				CLANG_WARN__DUPLICATE_METHOD_MATCH = YES;
				COPY_PHASE_STRIP = NO;
				DEBUG_INFORMATION_FORMAT = dwarf;
				ENABLE_STRICT_OBJC_MSGSEND = YES;
				ENABLE_TESTABILITY = YES;
				GCC_C_LANGUAGE_STANDARD = gnu11;
				GCC_DYNAMIC_NO_PIC = NO;
				GCC_NO_COMMON_BLOCKS = YES;
				GCC_OPTIMIZATION_LEVEL = 0;
				GCC_PREPROCESSOR_DEFINITIONS = (
					"DEBUG=1",
					"$(inherited)",
				);
				GCC_WARN_64_TO_32_BIT_CONVERSION = YES;
				GCC_WARN_ABOUT_RETURN_TYPE = YES_ERROR;
				GCC_WARN_UNDECLARED_SELECTOR = YES;
				GCC_WARN_UNINITIALIZED_AUTOS = YES_AGGRESSIVE;
				GCC_WARN_UNUSED_FUNCTION = YES;
				GCC_WARN_UNUSED_VARIABLE = YES;
				IPHONEOS_DEPLOYMENT_TARGET = 15.5;
				MTL_ENABLE_DEBUG_INFO = INCLUDE_SOURCE;
				MTL_FAST_MATH = YES;
				ONLY_ACTIVE_ARCH = YES;
				SDKROOT = iphoneos;
				SWIFT_ACTIVE_COMPILATION_CONDITIONS = DEBUG;
				SWIFT_OPTIMIZATION_LEVEL = "-Onone";
			};
			name = Debug;
		};
		D8671C7A2894847100645759 /* Release */ = {
			isa = XCBuildConfiguration;
			buildSettings = {
				ALWAYS_SEARCH_USER_PATHS = NO;
				CLANG_ANALYZER_NONNULL = YES;
				CLANG_ANALYZER_NUMBER_OBJECT_CONVERSION = YES_AGGRESSIVE;
				CLANG_CXX_LANGUAGE_STANDARD = "gnu++17";
				CLANG_ENABLE_MODULES = YES;
				CLANG_ENABLE_OBJC_ARC = YES;
				CLANG_ENABLE_OBJC_WEAK = YES;
				CLANG_WARN_BLOCK_CAPTURE_AUTORELEASING = YES;
				CLANG_WARN_BOOL_CONVERSION = YES;
				CLANG_WARN_COMMA = YES;
				CLANG_WARN_CONSTANT_CONVERSION = YES;
				CLANG_WARN_DEPRECATED_OBJC_IMPLEMENTATIONS = YES;
				CLANG_WARN_DIRECT_OBJC_ISA_USAGE = YES_ERROR;
				CLANG_WARN_DOCUMENTATION_COMMENTS = YES;
				CLANG_WARN_EMPTY_BODY = YES;
				CLANG_WARN_ENUM_CONVERSION = YES;
				CLANG_WARN_INFINITE_RECURSION = YES;
				CLANG_WARN_INT_CONVERSION = YES;
				CLANG_WARN_NON_LITERAL_NULL_CONVERSION = YES;
				CLANG_WARN_OBJC_IMPLICIT_RETAIN_SELF = YES;
				CLANG_WARN_OBJC_LITERAL_CONVERSION = YES;
				CLANG_WARN_OBJC_ROOT_CLASS = YES_ERROR;
				CLANG_WARN_QUOTED_INCLUDE_IN_FRAMEWORK_HEADER = YES;
				CLANG_WARN_RANGE_LOOP_ANALYSIS = YES;
				CLANG_WARN_STRICT_PROTOTYPES = YES;
				CLANG_WARN_SUSPICIOUS_MOVE = YES;
				CLANG_WARN_UNGUARDED_AVAILABILITY = YES_AGGRESSIVE;
				CLANG_WARN_UNREACHABLE_CODE = YES;
				CLANG_WARN__DUPLICATE_METHOD_MATCH = YES;
				COPY_PHASE_STRIP = NO;
				DEBUG_INFORMATION_FORMAT = "dwarf-with-dsym";
				ENABLE_NS_ASSERTIONS = NO;
				ENABLE_STRICT_OBJC_MSGSEND = YES;
				GCC_C_LANGUAGE_STANDARD = gnu11;
				GCC_NO_COMMON_BLOCKS = YES;
				GCC_WARN_64_TO_32_BIT_CONVERSION = YES;
				GCC_WARN_ABOUT_RETURN_TYPE = YES_ERROR;
				GCC_WARN_UNDECLARED_SELECTOR = YES;
				GCC_WARN_UNINITIALIZED_AUTOS = YES_AGGRESSIVE;
				GCC_WARN_UNUSED_FUNCTION = YES;
				GCC_WARN_UNUSED_VARIABLE = YES;
				IPHONEOS_DEPLOYMENT_TARGET = 15.5;
				MTL_ENABLE_DEBUG_INFO = NO;
				MTL_FAST_MATH = YES;
				SDKROOT = iphoneos;
				SWIFT_COMPILATION_MODE = wholemodule;
				SWIFT_OPTIMIZATION_LEVEL = "-O";
				VALIDATE_PRODUCT = YES;
			};
			name = Release;
		};
		D8671C7C2894847100645759 /* Debug */ = {
			isa = XCBuildConfiguration;
			buildSettings = {
				ASSETCATALOG_COMPILER_APPICON_NAME = AppIcon;
				ASSETCATALOG_COMPILER_GLOBAL_ACCENT_COLOR_NAME = AccentColor;
				CODE_SIGN_STYLE = Automatic;
				CURRENT_PROJECT_VERSION = 1;
				DEVELOPMENT_ASSET_PATHS = "\"TikTokClone/Preview Content\"";
				DEVELOPMENT_TEAM = HSXANM3L6P;
				ENABLE_PREVIEWS = YES;
				GENERATE_INFOPLIST_FILE = YES;
				INFOPLIST_KEY_UIApplicationSceneManifest_Generation = YES;
				INFOPLIST_KEY_UIApplicationSupportsIndirectInputEvents = YES;
				INFOPLIST_KEY_UILaunchScreen_Generation = YES;
				INFOPLIST_KEY_UISupportedInterfaceOrientations_iPad = "UIInterfaceOrientationPortrait UIInterfaceOrientationPortraitUpsideDown UIInterfaceOrientationLandscapeLeft UIInterfaceOrientationLandscapeRight";
				INFOPLIST_KEY_UISupportedInterfaceOrientations_iPhone = "UIInterfaceOrientationPortrait UIInterfaceOrientationLandscapeLeft UIInterfaceOrientationLandscapeRight";
				LD_RUNPATH_SEARCH_PATHS = (
					"$(inherited)",
					"@executable_path/Frameworks",
				);
				MARKETING_VERSION = 1.0;
				PRODUCT_BUNDLE_IDENTIFIER = com.comushardman.TikTokClone;
				PRODUCT_NAME = "$(TARGET_NAME)";
				SWIFT_EMIT_LOC_STRINGS = YES;
				SWIFT_VERSION = 5.0;
				TARGETED_DEVICE_FAMILY = "1,2";
			};
			name = Debug;
		};
		D8671C7D2894847100645759 /* Release */ = {
			isa = XCBuildConfiguration;
			buildSettings = {
				ASSETCATALOG_COMPILER_APPICON_NAME = AppIcon;
				ASSETCATALOG_COMPILER_GLOBAL_ACCENT_COLOR_NAME = AccentColor;
				CODE_SIGN_STYLE = Automatic;
				CURRENT_PROJECT_VERSION = 1;
				DEVELOPMENT_ASSET_PATHS = "\"TikTokClone/Preview Content\"";
				DEVELOPMENT_TEAM = HSXANM3L6P;
				ENABLE_PREVIEWS = YES;
				GENERATE_INFOPLIST_FILE = YES;
				INFOPLIST_KEY_UIApplicationSceneManifest_Generation = YES;
				INFOPLIST_KEY_UIApplicationSupportsIndirectInputEvents = YES;
				INFOPLIST_KEY_UILaunchScreen_Generation = YES;
				INFOPLIST_KEY_UISupportedInterfaceOrientations_iPad = "UIInterfaceOrientationPortrait UIInterfaceOrientationPortraitUpsideDown UIInterfaceOrientationLandscapeLeft UIInterfaceOrientationLandscapeRight";
				INFOPLIST_KEY_UISupportedInterfaceOrientations_iPhone = "UIInterfaceOrientationPortrait UIInterfaceOrientationLandscapeLeft UIInterfaceOrientationLandscapeRight";
				LD_RUNPATH_SEARCH_PATHS = (
					"$(inherited)",
					"@executable_path/Frameworks",
				);
				MARKETING_VERSION = 1.0;
				PRODUCT_BUNDLE_IDENTIFIER = com.comushardman.TikTokClone;
				PRODUCT_NAME = "$(TARGET_NAME)";
				SWIFT_EMIT_LOC_STRINGS = YES;
				SWIFT_VERSION = 5.0;
				TARGETED_DEVICE_FAMILY = "1,2";
			};
			name = Release;
		};
/* End XCBuildConfiguration section */

/* Begin XCConfigurationList section */
		D8671C682894847100645759 /* Build configuration list for PBXProject "TikTokClone" */ = {
			isa = XCConfigurationList;
			buildConfigurations = (
				D8671C792894847100645759 /* Debug */,
				D8671C7A2894847100645759 /* Release */,
			);
			defaultConfigurationIsVisible = 0;
			defaultConfigurationName = Release;
		};
		D8671C7B2894847100645759 /* Build configuration list for PBXNativeTarget "TikTokClone" */ = {
			isa = XCConfigurationList;
			buildConfigurations = (
				D8671C7C2894847100645759 /* Debug */,
				D8671C7D2894847100645759 /* Release */,
			);
			defaultConfigurationIsVisible = 0;
			defaultConfigurationName = Release;
		};
/* End XCConfigurationList section */
	};
	rootObject = D8671C652894847100645759 /* Project object */;
}
